// !$*UTF8*$!
{
	archiveVersion = 1;
	classes = {
	};
	objectVersion = 55;
	objects = {

/* Begin PBXBuildFile section */
		09369AF028DB16F00043C091 /* HTTPClient.swift in Sources */ = {isa = PBXBuildFile; fileRef = 09369AEF28DB16F00043C091 /* HTTPClient.swift */; };
		09369AF228DB17280043C091 /* FeedItemsMapper.swift in Sources */ = {isa = PBXBuildFile; fileRef = 09369AF128DB17280043C091 /* FeedItemsMapper.swift */; };
		09369AF728DC9ADF0043C091 /* URLsesionHTTPClientTests.swift in Sources */ = {isa = PBXBuildFile; fileRef = 09369AF628DC9ADF0043C091 /* URLsesionHTTPClientTests.swift */; };
		09369B0428EB19650043C091 /* URLSessionHTTPClient.swift in Sources */ = {isa = PBXBuildFile; fileRef = 09369B0328EB19650043C091 /* URLSessionHTTPClient.swift */; };
		09369B0D28EEBFAA0043C091 /* MovieFeed.framework in Frameworks */ = {isa = PBXBuildFile; fileRef = 09B1DBBA2883F9DD00D8A10E /* MovieFeed.framework */; };
		0949AD5C28F81C32006A086F /* CacheFeedUseCaseTests.swift in Sources */ = {isa = PBXBuildFile; fileRef = 0949AD5B28F81C32006A086F /* CacheFeedUseCaseTests.swift */; };
		0949AD5F28F97543006A086F /* LocalFeedLoader.swift in Sources */ = {isa = PBXBuildFile; fileRef = 0949AD5E28F97543006A086F /* LocalFeedLoader.swift */; };
		0949AD6228F9757A006A086F /* FeedStore.swift in Sources */ = {isa = PBXBuildFile; fileRef = 0949AD6128F9757A006A086F /* FeedStore.swift */; };
		0949AD6A28FD7A7B006A086F /* LocalFeedItem.swift in Sources */ = {isa = PBXBuildFile; fileRef = 0949AD6928FD7A7B006A086F /* LocalFeedItem.swift */; };
		0949AD6D28FD7A9F006A086F /* RemoteFeedItem.swift in Sources */ = {isa = PBXBuildFile; fileRef = 0949AD6C28FD7A9F006A086F /* RemoteFeedItem.swift */; };
		0949AD6F28FD81FF006A086F /* LoadFeedFromCacheUseCaseTests.swift in Sources */ = {isa = PBXBuildFile; fileRef = 0949AD6E28FD81FF006A086F /* LoadFeedFromCacheUseCaseTests.swift */; };
		0949AD7228FD8932006A086F /* FeedStoreSpy.swift in Sources */ = {isa = PBXBuildFile; fileRef = 0949AD7128FD8932006A086F /* FeedStoreSpy.swift */; };
		0949AD7428FEBC02006A086F /* ValidateFeedCacheUseCaseTests.swift in Sources */ = {isa = PBXBuildFile; fileRef = 0949AD7328FEBC02006A086F /* ValidateFeedCacheUseCaseTests.swift */; };
		0949AD7628FEC52B006A086F /* FeedCacheTestsHelpers.swift in Sources */ = {isa = PBXBuildFile; fileRef = 0949AD7528FEC52B006A086F /* FeedCacheTestsHelpers.swift */; };
		0949AD7828FEC616006A086F /* SharedTestHelpers.swift in Sources */ = {isa = PBXBuildFile; fileRef = 0949AD7728FEC616006A086F /* SharedTestHelpers.swift */; };
		0949AD7C28FFD88D006A086F /* FeedCachePolicy.swift in Sources */ = {isa = PBXBuildFile; fileRef = 0949AD7B28FFD88D006A086F /* FeedCachePolicy.swift */; };
		0949AD7E28FFEF46006A086F /* CodableFeedStoreTests.swift in Sources */ = {isa = PBXBuildFile; fileRef = 0949AD7D28FFEF46006A086F /* CodableFeedStoreTests.swift */; };
		0949AD8129003DA5006A086F /* CodableFeedStore.swift in Sources */ = {isa = PBXBuildFile; fileRef = 0949AD8029003DA5006A086F /* CodableFeedStore.swift */; };
		0949ADBE2902920B006A086F /* FeedStore.xcdatamodeld in Sources */ = {isa = PBXBuildFile; fileRef = 0949ADBC2902920B006A086F /* FeedStore.xcdatamodeld */; };
		0949ADC4290292DA006A086F /* ManagedFeedItem+CoreDataClass.swift in Sources */ = {isa = PBXBuildFile; fileRef = 0949ADC0290292DA006A086F /* ManagedFeedItem+CoreDataClass.swift */; };
		0949ADC5290292DA006A086F /* ManagedFeedItem.swift in Sources */ = {isa = PBXBuildFile; fileRef = 0949ADC1290292DA006A086F /* ManagedFeedItem.swift */; };
		0949ADC6290292DA006A086F /* ManagedCache+CoreDataClass.swift in Sources */ = {isa = PBXBuildFile; fileRef = 0949ADC2290292DA006A086F /* ManagedCache+CoreDataClass.swift */; };
		0949ADC7290292DA006A086F /* ManagedCache.swift in Sources */ = {isa = PBXBuildFile; fileRef = 0949ADC3290292DA006A086F /* ManagedCache.swift */; };
		0949ADCA29029688006A086F /* CoreDataFeedStoreTests.swift in Sources */ = {isa = PBXBuildFile; fileRef = 0949ADC929029688006A086F /* CoreDataFeedStoreTests.swift */; };
		0949ADCC290296BB006A086F /* CoreDataFeedStore.swift in Sources */ = {isa = PBXBuildFile; fileRef = 0949ADCB290296BB006A086F /* CoreDataFeedStore.swift */; };
		0949ADCF29029764006A086F /* CoreDataHelpers.swift in Sources */ = {isa = PBXBuildFile; fileRef = 0949ADCE29029764006A086F /* CoreDataHelpers.swift */; };
		0949ADD82902B88B006A086F /* MovieFeedCacheIntegrationTests.swift in Sources */ = {isa = PBXBuildFile; fileRef = 0949ADD72902B88B006A086F /* MovieFeedCacheIntegrationTests.swift */; };
		0949ADD92902B88B006A086F /* MovieFeed.framework in Frameworks */ = {isa = PBXBuildFile; fileRef = 09B1DBBA2883F9DD00D8A10E /* MovieFeed.framework */; };
		0949ADE12902C6CB006A086F /* FeedCacheTestsHelpers.swift in Sources */ = {isa = PBXBuildFile; fileRef = 0949AD7528FEC52B006A086F /* FeedCacheTestsHelpers.swift */; };
		09B1DBBF2883F9DE00D8A10E /* MovieFeed.docc in Sources */ = {isa = PBXBuildFile; fileRef = 09B1DBBE2883F9DE00D8A10E /* MovieFeed.docc */; };
		09B1DBC52883F9DE00D8A10E /* MovieFeed.framework in Frameworks */ = {isa = PBXBuildFile; fileRef = 09B1DBBA2883F9DD00D8A10E /* MovieFeed.framework */; };
		09B1DBCB2883F9DE00D8A10E /* MovieFeed.h in Headers */ = {isa = PBXBuildFile; fileRef = 09B1DBBD2883F9DD00D8A10E /* MovieFeed.h */; settings = {ATTRIBUTES = (Public, ); }; };
		09B1DBD52883FA3B00D8A10E /* FeedItem.swift in Sources */ = {isa = PBXBuildFile; fileRef = 09B1DBD42883FA3B00D8A10E /* FeedItem.swift */; };
		09B1DBD72883FA6400D8A10E /* FeedLoader.swift in Sources */ = {isa = PBXBuildFile; fileRef = 09B1DBD62883FA6400D8A10E /* FeedLoader.swift */; };
		09B1DBDA2883FAD200D8A10E /* LoadFeedFromRemoteUseCaseTests.swift in Sources */ = {isa = PBXBuildFile; fileRef = 09B1DBD92883FAD200D8A10E /* LoadFeedFromRemoteUseCaseTests.swift */; };
		09B1DBDE28840CCA00D8A10E /* RemoteFeedLoader.swift in Sources */ = {isa = PBXBuildFile; fileRef = 09B1DBDD28840CCA00D8A10E /* RemoteFeedLoader.swift */; };
		09E255F12906C55C0086E34C /* MovieFeediOS.framework in Frameworks */ = {isa = PBXBuildFile; fileRef = 09E255E72906C55B0086E34C /* MovieFeediOS.framework */; };
		09E256002907D5020086E34C /* FeedViewControllerTests.swift in Sources */ = {isa = PBXBuildFile; fileRef = 09E255FE2907D4C20086E34C /* FeedViewControllerTests.swift */; };
		09E256052907D98F0086E34C /* MemoryLeakTrackingHelper.swift in Sources */ = {isa = PBXBuildFile; fileRef = 09369B0128EAF3C00043C091 /* MemoryLeakTrackingHelper.swift */; };
		09E256092907E6E50086E34C /* FeedViewController.swift in Sources */ = {isa = PBXBuildFile; fileRef = 09E256082907E6E50086E34C /* FeedViewController.swift */; };
		09E2560A2907E7420086E34C /* FeedViewController.swift in Sources */ = {isa = PBXBuildFile; fileRef = 09E256082907E6E50086E34C /* FeedViewController.swift */; };
		09E2560C2907F3C30086E34C /* FeedItemCell.swift in Sources */ = {isa = PBXBuildFile; fileRef = 09E2560B2907F3C30086E34C /* FeedItemCell.swift */; };
		09E2560D2907F4540086E34C /* FeedItemCell.swift in Sources */ = {isa = PBXBuildFile; fileRef = 09E2560B2907F3C30086E34C /* FeedItemCell.swift */; };
		09E2561429080A590086E34C /* MovieFeedAPIEndToEndTests.swift in Sources */ = {isa = PBXBuildFile; fileRef = 09369B0B28EEBFAA0043C091 /* MovieFeedAPIEndToEndTests.swift */; };
		09E2561C29080B3B0086E34C /* MemoryLeakTrackingHelper.swift in Sources */ = {isa = PBXBuildFile; fileRef = 09369B0128EAF3C00043C091 /* MemoryLeakTrackingHelper.swift */; };
		09E2561D29080B5A0086E34C /* MovieFeedCacheIntegrationTests.swift in Sources */ = {isa = PBXBuildFile; fileRef = 0949ADD72902B88B006A086F /* MovieFeedCacheIntegrationTests.swift */; };
		09E2561E29080C560086E34C /* MemoryLeakTrackingHelper.swift in Sources */ = {isa = PBXBuildFile; fileRef = 09369B0128EAF3C00043C091 /* MemoryLeakTrackingHelper.swift */; };
		09E2561F29080C570086E34C /* MemoryLeakTrackingHelper.swift in Sources */ = {isa = PBXBuildFile; fileRef = 09369B0128EAF3C00043C091 /* MemoryLeakTrackingHelper.swift */; };
		09E25621290818D80086E34C /* UIView+Shimmering.swift in Sources */ = {isa = PBXBuildFile; fileRef = 09E25620290818D80086E34C /* UIView+Shimmering.swift */; };
		09E25626290827D20086E34C /* UIView+Shimmering.swift in Sources */ = {isa = PBXBuildFile; fileRef = 09E25620290818D80086E34C /* UIView+Shimmering.swift */; };
		09E25628290827E10086E34C /* FeedItemImageLoader.swift in Sources */ = {isa = PBXBuildFile; fileRef = 09E25627290827E10086E34C /* FeedItemImageLoader.swift */; };
		09E256292908283F0086E34C /* FeedItemImageLoader.swift in Sources */ = {isa = PBXBuildFile; fileRef = 09E25627290827E10086E34C /* FeedItemImageLoader.swift */; };
		09E2562B290829660086E34C /* RefreshViewController.swift in Sources */ = {isa = PBXBuildFile; fileRef = 09E2562A290829660086E34C /* RefreshViewController.swift */; };
		09E2562C29082B0A0086E34C /* RefreshViewController.swift in Sources */ = {isa = PBXBuildFile; fileRef = 09E2562A290829660086E34C /* RefreshViewController.swift */; };
		09E2562F290833930086E34C /* FeedItemCellController.swift in Sources */ = {isa = PBXBuildFile; fileRef = 09E2562E290833930086E34C /* FeedItemCellController.swift */; };
		09E25630290833A70086E34C /* FeedItemCellController.swift in Sources */ = {isa = PBXBuildFile; fileRef = 09E2562E290833930086E34C /* FeedItemCellController.swift */; };
		09E2563329083C320086E34C /* FeedUIComposer.swift in Sources */ = {isa = PBXBuildFile; fileRef = 09E2563229083C320086E34C /* FeedUIComposer.swift */; };
		09E2563429083C4E0086E34C /* FeedUIComposer.swift in Sources */ = {isa = PBXBuildFile; fileRef = 09E2563229083C320086E34C /* FeedUIComposer.swift */; };
		09E25637290911800086E34C /* FeedViewModel.swift in Sources */ = {isa = PBXBuildFile; fileRef = 09E25636290911800086E34C /* FeedViewModel.swift */; };
		09E25638290911CE0086E34C /* FeedViewModel.swift in Sources */ = {isa = PBXBuildFile; fileRef = 09E25636290911800086E34C /* FeedViewModel.swift */; };
/* End PBXBuildFile section */

/* Begin PBXContainerItemProxy section */
		09369B0E28EEBFAA0043C091 /* PBXContainerItemProxy */ = {
			isa = PBXContainerItemProxy;
			containerPortal = 09B1DBB12883F9DD00D8A10E /* Project object */;
			proxyType = 1;
			remoteGlobalIDString = 09B1DBB92883F9DD00D8A10E;
			remoteInfo = MovieFeed;
		};
		0949ADDA2902B88B006A086F /* PBXContainerItemProxy */ = {
			isa = PBXContainerItemProxy;
			containerPortal = 09B1DBB12883F9DD00D8A10E /* Project object */;
			proxyType = 1;
			remoteGlobalIDString = 09B1DBB92883F9DD00D8A10E;
			remoteInfo = MovieFeed;
		};
		09B1DBC62883F9DE00D8A10E /* PBXContainerItemProxy */ = {
			isa = PBXContainerItemProxy;
			containerPortal = 09B1DBB12883F9DD00D8A10E /* Project object */;
			proxyType = 1;
			remoteGlobalIDString = 09B1DBB92883F9DD00D8A10E;
			remoteInfo = MovieFeed;
		};
		09E255F22906C55C0086E34C /* PBXContainerItemProxy */ = {
			isa = PBXContainerItemProxy;
			containerPortal = 09B1DBB12883F9DD00D8A10E /* Project object */;
			proxyType = 1;
			remoteGlobalIDString = 09E255E62906C55B0086E34C;
			remoteInfo = MovieFeediOS;
		};
/* End PBXContainerItemProxy section */

/* Begin PBXFileReference section */
		09369AEF28DB16F00043C091 /* HTTPClient.swift */ = {isa = PBXFileReference; lastKnownFileType = sourcecode.swift; path = HTTPClient.swift; sourceTree = "<group>"; };
		09369AF128DB17280043C091 /* FeedItemsMapper.swift */ = {isa = PBXFileReference; lastKnownFileType = sourcecode.swift; path = FeedItemsMapper.swift; sourceTree = "<group>"; };
		09369AF628DC9ADF0043C091 /* URLsesionHTTPClientTests.swift */ = {isa = PBXFileReference; lastKnownFileType = sourcecode.swift; path = URLsesionHTTPClientTests.swift; sourceTree = "<group>"; };
		09369B0128EAF3C00043C091 /* MemoryLeakTrackingHelper.swift */ = {isa = PBXFileReference; lastKnownFileType = sourcecode.swift; path = MemoryLeakTrackingHelper.swift; sourceTree = "<group>"; };
		09369B0328EB19650043C091 /* URLSessionHTTPClient.swift */ = {isa = PBXFileReference; lastKnownFileType = sourcecode.swift; path = URLSessionHTTPClient.swift; sourceTree = "<group>"; };
		09369B0928EEBFAA0043C091 /* MovieFeedAPIEndToEndTests.xctest */ = {isa = PBXFileReference; explicitFileType = wrapper.cfbundle; includeInIndex = 0; path = MovieFeedAPIEndToEndTests.xctest; sourceTree = BUILT_PRODUCTS_DIR; };
		09369B0B28EEBFAA0043C091 /* MovieFeedAPIEndToEndTests.swift */ = {isa = PBXFileReference; lastKnownFileType = sourcecode.swift; path = MovieFeedAPIEndToEndTests.swift; sourceTree = "<group>"; };
		0949AD5B28F81C32006A086F /* CacheFeedUseCaseTests.swift */ = {isa = PBXFileReference; lastKnownFileType = sourcecode.swift; path = CacheFeedUseCaseTests.swift; sourceTree = "<group>"; };
		0949AD5E28F97543006A086F /* LocalFeedLoader.swift */ = {isa = PBXFileReference; lastKnownFileType = sourcecode.swift; path = LocalFeedLoader.swift; sourceTree = "<group>"; };
		0949AD6128F9757A006A086F /* FeedStore.swift */ = {isa = PBXFileReference; lastKnownFileType = sourcecode.swift; path = FeedStore.swift; sourceTree = "<group>"; };
		0949AD6928FD7A7B006A086F /* LocalFeedItem.swift */ = {isa = PBXFileReference; lastKnownFileType = sourcecode.swift; path = LocalFeedItem.swift; sourceTree = "<group>"; };
		0949AD6C28FD7A9F006A086F /* RemoteFeedItem.swift */ = {isa = PBXFileReference; lastKnownFileType = sourcecode.swift; path = RemoteFeedItem.swift; sourceTree = "<group>"; };
		0949AD6E28FD81FF006A086F /* LoadFeedFromCacheUseCaseTests.swift */ = {isa = PBXFileReference; lastKnownFileType = sourcecode.swift; path = LoadFeedFromCacheUseCaseTests.swift; sourceTree = "<group>"; };
		0949AD7128FD8932006A086F /* FeedStoreSpy.swift */ = {isa = PBXFileReference; lastKnownFileType = sourcecode.swift; path = FeedStoreSpy.swift; sourceTree = "<group>"; };
		0949AD7328FEBC02006A086F /* ValidateFeedCacheUseCaseTests.swift */ = {isa = PBXFileReference; lastKnownFileType = sourcecode.swift; path = ValidateFeedCacheUseCaseTests.swift; sourceTree = "<group>"; };
		0949AD7528FEC52B006A086F /* FeedCacheTestsHelpers.swift */ = {isa = PBXFileReference; lastKnownFileType = sourcecode.swift; path = FeedCacheTestsHelpers.swift; sourceTree = "<group>"; };
		0949AD7728FEC616006A086F /* SharedTestHelpers.swift */ = {isa = PBXFileReference; lastKnownFileType = sourcecode.swift; path = SharedTestHelpers.swift; sourceTree = "<group>"; };
		0949AD7B28FFD88D006A086F /* FeedCachePolicy.swift */ = {isa = PBXFileReference; lastKnownFileType = sourcecode.swift; path = FeedCachePolicy.swift; sourceTree = "<group>"; };
		0949AD7D28FFEF46006A086F /* CodableFeedStoreTests.swift */ = {isa = PBXFileReference; lastKnownFileType = sourcecode.swift; path = CodableFeedStoreTests.swift; sourceTree = "<group>"; };
		0949AD8029003DA5006A086F /* CodableFeedStore.swift */ = {isa = PBXFileReference; lastKnownFileType = sourcecode.swift; path = CodableFeedStore.swift; sourceTree = "<group>"; };
		0949ADBD2902920B006A086F /* FeedStore.xcdatamodel */ = {isa = PBXFileReference; lastKnownFileType = wrapper.xcdatamodel; path = FeedStore.xcdatamodel; sourceTree = "<group>"; };
		0949ADC0290292DA006A086F /* ManagedFeedItem+CoreDataClass.swift */ = {isa = PBXFileReference; lastKnownFileType = sourcecode.swift; name = "ManagedFeedItem+CoreDataClass.swift"; path = "MovieFeed/Feed Cache/CoreData/ManagedObjects/Objects/Class/ManagedFeedItem+CoreDataClass.swift"; sourceTree = SOURCE_ROOT; };
		0949ADC1290292DA006A086F /* ManagedFeedItem.swift */ = {isa = PBXFileReference; lastKnownFileType = sourcecode.swift; name = ManagedFeedItem.swift; path = "MovieFeed/Feed Cache/CoreData/ManagedObjects/Objects/ManagedFeedItem.swift"; sourceTree = SOURCE_ROOT; };
		0949ADC2290292DA006A086F /* ManagedCache+CoreDataClass.swift */ = {isa = PBXFileReference; lastKnownFileType = sourcecode.swift; name = "ManagedCache+CoreDataClass.swift"; path = "MovieFeed/Feed Cache/CoreData/ManagedObjects/Objects/Class/ManagedCache+CoreDataClass.swift"; sourceTree = SOURCE_ROOT; };
		0949ADC3290292DA006A086F /* ManagedCache.swift */ = {isa = PBXFileReference; lastKnownFileType = sourcecode.swift; name = ManagedCache.swift; path = "MovieFeed/Feed Cache/CoreData/ManagedObjects/Objects/ManagedCache.swift"; sourceTree = SOURCE_ROOT; };
		0949ADC929029688006A086F /* CoreDataFeedStoreTests.swift */ = {isa = PBXFileReference; lastKnownFileType = sourcecode.swift; path = CoreDataFeedStoreTests.swift; sourceTree = "<group>"; };
		0949ADCB290296BB006A086F /* CoreDataFeedStore.swift */ = {isa = PBXFileReference; lastKnownFileType = sourcecode.swift; path = CoreDataFeedStore.swift; sourceTree = "<group>"; };
		0949ADCE29029764006A086F /* CoreDataHelpers.swift */ = {isa = PBXFileReference; lastKnownFileType = sourcecode.swift; path = CoreDataHelpers.swift; sourceTree = "<group>"; };
		0949ADD52902B88B006A086F /* MovieFeedCacheIntegrationTests.xctest */ = {isa = PBXFileReference; explicitFileType = wrapper.cfbundle; includeInIndex = 0; path = MovieFeedCacheIntegrationTests.xctest; sourceTree = BUILT_PRODUCTS_DIR; };
		0949ADD72902B88B006A086F /* MovieFeedCacheIntegrationTests.swift */ = {isa = PBXFileReference; lastKnownFileType = sourcecode.swift; path = MovieFeedCacheIntegrationTests.swift; sourceTree = "<group>"; };
		09B1DBBA2883F9DD00D8A10E /* MovieFeed.framework */ = {isa = PBXFileReference; explicitFileType = wrapper.framework; includeInIndex = 0; path = MovieFeed.framework; sourceTree = BUILT_PRODUCTS_DIR; };
		09B1DBBD2883F9DD00D8A10E /* MovieFeed.h */ = {isa = PBXFileReference; lastKnownFileType = sourcecode.c.h; path = MovieFeed.h; sourceTree = "<group>"; };
		09B1DBBE2883F9DE00D8A10E /* MovieFeed.docc */ = {isa = PBXFileReference; lastKnownFileType = folder.documentationcatalog; path = MovieFeed.docc; sourceTree = "<group>"; };
		09B1DBC42883F9DE00D8A10E /* MovieFeedTests.xctest */ = {isa = PBXFileReference; explicitFileType = wrapper.cfbundle; includeInIndex = 0; path = MovieFeedTests.xctest; sourceTree = BUILT_PRODUCTS_DIR; };
		09B1DBD42883FA3B00D8A10E /* FeedItem.swift */ = {isa = PBXFileReference; lastKnownFileType = sourcecode.swift; path = FeedItem.swift; sourceTree = "<group>"; };
		09B1DBD62883FA6400D8A10E /* FeedLoader.swift */ = {isa = PBXFileReference; lastKnownFileType = sourcecode.swift; path = FeedLoader.swift; sourceTree = "<group>"; };
		09B1DBD92883FAD200D8A10E /* LoadFeedFromRemoteUseCaseTests.swift */ = {isa = PBXFileReference; lastKnownFileType = sourcecode.swift; path = LoadFeedFromRemoteUseCaseTests.swift; sourceTree = "<group>"; };
		09B1DBDD28840CCA00D8A10E /* RemoteFeedLoader.swift */ = {isa = PBXFileReference; lastKnownFileType = sourcecode.swift; path = RemoteFeedLoader.swift; sourceTree = "<group>"; };
		09E255E72906C55B0086E34C /* MovieFeediOS.framework */ = {isa = PBXFileReference; explicitFileType = wrapper.framework; includeInIndex = 0; path = MovieFeediOS.framework; sourceTree = BUILT_PRODUCTS_DIR; };
		09E255F02906C55C0086E34C /* MovieFeediOSTests.xctest */ = {isa = PBXFileReference; explicitFileType = wrapper.cfbundle; includeInIndex = 0; path = MovieFeediOSTests.xctest; sourceTree = BUILT_PRODUCTS_DIR; };
		09E255FE2907D4C20086E34C /* FeedViewControllerTests.swift */ = {isa = PBXFileReference; lastKnownFileType = sourcecode.swift; path = FeedViewControllerTests.swift; sourceTree = "<group>"; };
		09E256082907E6E50086E34C /* FeedViewController.swift */ = {isa = PBXFileReference; lastKnownFileType = sourcecode.swift; path = FeedViewController.swift; sourceTree = "<group>"; };
		09E2560B2907F3C30086E34C /* FeedItemCell.swift */ = {isa = PBXFileReference; lastKnownFileType = sourcecode.swift; path = FeedItemCell.swift; sourceTree = "<group>"; };
		09E25620290818D80086E34C /* UIView+Shimmering.swift */ = {isa = PBXFileReference; lastKnownFileType = sourcecode.swift; path = "UIView+Shimmering.swift"; sourceTree = "<group>"; };
		09E25627290827E10086E34C /* FeedItemImageLoader.swift */ = {isa = PBXFileReference; lastKnownFileType = sourcecode.swift; path = FeedItemImageLoader.swift; sourceTree = "<group>"; };
		09E2562A290829660086E34C /* RefreshViewController.swift */ = {isa = PBXFileReference; lastKnownFileType = sourcecode.swift; path = RefreshViewController.swift; sourceTree = "<group>"; };
		09E2562E290833930086E34C /* FeedItemCellController.swift */ = {isa = PBXFileReference; lastKnownFileType = sourcecode.swift; path = FeedItemCellController.swift; sourceTree = "<group>"; };
		09E2563229083C320086E34C /* FeedUIComposer.swift */ = {isa = PBXFileReference; lastKnownFileType = sourcecode.swift; path = FeedUIComposer.swift; sourceTree = "<group>"; };
		09E25636290911800086E34C /* FeedViewModel.swift */ = {isa = PBXFileReference; lastKnownFileType = sourcecode.swift; path = FeedViewModel.swift; sourceTree = "<group>"; };
/* End PBXFileReference section */

/* Begin PBXFrameworksBuildPhase section */
		09369B0628EEBFAA0043C091 /* Frameworks */ = {
			isa = PBXFrameworksBuildPhase;
			buildActionMask = 2147483647;
			files = (
				09369B0D28EEBFAA0043C091 /* MovieFeed.framework in Frameworks */,
			);
			runOnlyForDeploymentPostprocessing = 0;
		};
		0949ADD22902B88B006A086F /* Frameworks */ = {
			isa = PBXFrameworksBuildPhase;
			buildActionMask = 2147483647;
			files = (
				0949ADD92902B88B006A086F /* MovieFeed.framework in Frameworks */,
			);
			runOnlyForDeploymentPostprocessing = 0;
		};
		09B1DBB72883F9DD00D8A10E /* Frameworks */ = {
			isa = PBXFrameworksBuildPhase;
			buildActionMask = 2147483647;
			files = (
			);
			runOnlyForDeploymentPostprocessing = 0;
		};
		09B1DBC12883F9DE00D8A10E /* Frameworks */ = {
			isa = PBXFrameworksBuildPhase;
			buildActionMask = 2147483647;
			files = (
				09B1DBC52883F9DE00D8A10E /* MovieFeed.framework in Frameworks */,
			);
			runOnlyForDeploymentPostprocessing = 0;
		};
		09E255E42906C55B0086E34C /* Frameworks */ = {
			isa = PBXFrameworksBuildPhase;
			buildActionMask = 2147483647;
			files = (
			);
			runOnlyForDeploymentPostprocessing = 0;
		};
		09E255ED2906C55C0086E34C /* Frameworks */ = {
			isa = PBXFrameworksBuildPhase;
			buildActionMask = 2147483647;
			files = (
				09E255F12906C55C0086E34C /* MovieFeediOS.framework in Frameworks */,
			);
			runOnlyForDeploymentPostprocessing = 0;
		};
/* End PBXFrameworksBuildPhase section */

/* Begin PBXGroup section */
		09369AF328DB21340043C091 /* Feed API */ = {
			isa = PBXGroup;
			children = (
				09B1DBD92883FAD200D8A10E /* LoadFeedFromRemoteUseCaseTests.swift */,
				09369AF628DC9ADF0043C091 /* URLsesionHTTPClientTests.swift */,
			);
			name = "Feed API";
			sourceTree = "<group>";
		};
		09369B0028EAF3AB0043C091 /* Helpers */ = {
			isa = PBXGroup;
			children = (
				09369B0128EAF3C00043C091 /* MemoryLeakTrackingHelper.swift */,
				0949AD7728FEC616006A086F /* SharedTestHelpers.swift */,
			);
			name = Helpers;
			sourceTree = "<group>";
		};
		09369B0A28EEBFAA0043C091 /* MovieFeedAPIEndToEndTests */ = {
			isa = PBXGroup;
			children = (
				09369B0B28EEBFAA0043C091 /* MovieFeedAPIEndToEndTests.swift */,
			);
			path = MovieFeedAPIEndToEndTests;
			sourceTree = "<group>";
		};
		0949AD5A28F81C1B006A086F /* Feed Cache */ = {
			isa = PBXGroup;
			children = (
				0949AD7028FD891B006A086F /* Helpers */,
				0949AD5B28F81C32006A086F /* CacheFeedUseCaseTests.swift */,
				0949AD6E28FD81FF006A086F /* LoadFeedFromCacheUseCaseTests.swift */,
				0949AD7328FEBC02006A086F /* ValidateFeedCacheUseCaseTests.swift */,
				0949AD7D28FFEF46006A086F /* CodableFeedStoreTests.swift */,
				0949ADC929029688006A086F /* CoreDataFeedStoreTests.swift */,
			);
			name = "Feed Cache";
			sourceTree = "<group>";
		};
		0949AD5D28F97531006A086F /* Feed Cache */ = {
			isa = PBXGroup;
			children = (
				0949ADE32903F8DF006A086F /* FileSystem */,
				0949ADBB290291FD006A086F /* CoreData */,
				0949AD6128F9757A006A086F /* FeedStore.swift */,
				0949AD5E28F97543006A086F /* LocalFeedLoader.swift */,
				0949AD6928FD7A7B006A086F /* LocalFeedItem.swift */,
			);
			path = "Feed Cache";
			sourceTree = "<group>";
		};
		0949AD7028FD891B006A086F /* Helpers */ = {
			isa = PBXGroup;
			children = (
				0949AD7128FD8932006A086F /* FeedStoreSpy.swift */,
				0949AD7528FEC52B006A086F /* FeedCacheTestsHelpers.swift */,
			);
			name = Helpers;
			sourceTree = "<group>";
		};
		0949ADBB290291FD006A086F /* CoreData */ = {
			isa = PBXGroup;
			children = (
				0949ADBF290292B1006A086F /* ManagedObjects */,
				0949ADCB290296BB006A086F /* CoreDataFeedStore.swift */,
				0949ADBC2902920B006A086F /* FeedStore.xcdatamodeld */,
			);
			path = CoreData;
			sourceTree = "<group>";
		};
		0949ADBF290292B1006A086F /* ManagedObjects */ = {
			isa = PBXGroup;
			children = (
				0949ADD029029BA3006A086F /* Objects */,
				0949ADCE29029764006A086F /* CoreDataHelpers.swift */,
			);
			path = ManagedObjects;
			sourceTree = "<group>";
		};
		0949ADC82902935F006A086F /* Class */ = {
			isa = PBXGroup;
			children = (
				0949ADC2290292DA006A086F /* ManagedCache+CoreDataClass.swift */,
				0949ADC0290292DA006A086F /* ManagedFeedItem+CoreDataClass.swift */,
			);
			path = Class;
			sourceTree = "<group>";
		};
		0949ADD029029BA3006A086F /* Objects */ = {
			isa = PBXGroup;
			children = (
				0949ADC82902935F006A086F /* Class */,
				0949ADC1290292DA006A086F /* ManagedFeedItem.swift */,
				0949ADC3290292DA006A086F /* ManagedCache.swift */,
			);
			path = Objects;
			sourceTree = "<group>";
		};
		0949ADD62902B88B006A086F /* MovieFeedCacheIntegrationTests */ = {
			isa = PBXGroup;
			children = (
				0949ADD72902B88B006A086F /* MovieFeedCacheIntegrationTests.swift */,
			);
			path = MovieFeedCacheIntegrationTests;
			sourceTree = "<group>";
		};
		0949ADE32903F8DF006A086F /* FileSystem */ = {
			isa = PBXGroup;
			children = (
				0949AD7B28FFD88D006A086F /* FeedCachePolicy.swift */,
				0949AD8029003DA5006A086F /* CodableFeedStore.swift */,
			);
			path = FileSystem;
			sourceTree = "<group>";
		};
		09B1DBB02883F9DD00D8A10E = {
			isa = PBXGroup;
			children = (
				09B1DBBC2883F9DD00D8A10E /* MovieFeed */,
				09B1DBC82883F9DE00D8A10E /* MovieFeedTests */,
				09369B0A28EEBFAA0043C091 /* MovieFeedAPIEndToEndTests */,
				0949ADD62902B88B006A086F /* MovieFeedCacheIntegrationTests */,
				09E255E82906C55B0086E34C /* MovieFeediOS */,
				09E255F42906C55D0086E34C /* MovieFeediOSTests */,
				09B1DBBB2883F9DD00D8A10E /* Products */,
			);
			sourceTree = "<group>";
		};
		09B1DBBB2883F9DD00D8A10E /* Products */ = {
			isa = PBXGroup;
			children = (
				09B1DBBA2883F9DD00D8A10E /* MovieFeed.framework */,
				09B1DBC42883F9DE00D8A10E /* MovieFeedTests.xctest */,
				09369B0928EEBFAA0043C091 /* MovieFeedAPIEndToEndTests.xctest */,
				0949ADD52902B88B006A086F /* MovieFeedCacheIntegrationTests.xctest */,
				09E255E72906C55B0086E34C /* MovieFeediOS.framework */,
				09E255F02906C55C0086E34C /* MovieFeediOSTests.xctest */,
			);
			name = Products;
			sourceTree = "<group>";
		};
		09B1DBBC2883F9DD00D8A10E /* MovieFeed */ = {
			isa = PBXGroup;
			children = (
				09B1DBDB2883FADE00D8A10E /* Feed Feature */,
				0949AD5D28F97531006A086F /* Feed Cache */,
				09B1DBDC28840CBB00D8A10E /* Feed API */,
				09B1DBBD2883F9DD00D8A10E /* MovieFeed.h */,
				09B1DBBE2883F9DE00D8A10E /* MovieFeed.docc */,
			);
			path = MovieFeed;
			sourceTree = "<group>";
		};
		09B1DBC82883F9DE00D8A10E /* MovieFeedTests */ = {
			isa = PBXGroup;
			children = (
				09369B0028EAF3AB0043C091 /* Helpers */,
				0949AD5A28F81C1B006A086F /* Feed Cache */,
				09369AF328DB21340043C091 /* Feed API */,
			);
			path = MovieFeedTests;
			sourceTree = "<group>";
		};
		09B1DBDB2883FADE00D8A10E /* Feed Feature */ = {
			isa = PBXGroup;
			children = (
				09B1DBD42883FA3B00D8A10E /* FeedItem.swift */,
				09B1DBD62883FA6400D8A10E /* FeedLoader.swift */,
			);
			path = "Feed Feature";
			sourceTree = "<group>";
		};
		09B1DBDC28840CBB00D8A10E /* Feed API */ = {
			isa = PBXGroup;
			children = (
				09B1DBDD28840CCA00D8A10E /* RemoteFeedLoader.swift */,
				09369AF128DB17280043C091 /* FeedItemsMapper.swift */,
				0949AD6C28FD7A9F006A086F /* RemoteFeedItem.swift */,
				09369AEF28DB16F00043C091 /* HTTPClient.swift */,
				09369B0328EB19650043C091 /* URLSessionHTTPClient.swift */,
			);
			path = "Feed API";
			sourceTree = "<group>";
		};
		09E255E82906C55B0086E34C /* MovieFeediOS */ = {
			isa = PBXGroup;
			children = (
				09E256222908279C0086E34C /* FeedItemImageLoader */,
				09E25623290827B30086E34C /* Feed UI */,
			);
			path = MovieFeediOS;
			sourceTree = "<group>";
		};
		09E255F42906C55D0086E34C /* MovieFeediOSTests */ = {
			isa = PBXGroup;
			children = (
				09E255FE2907D4C20086E34C /* FeedViewControllerTests.swift */,
			);
			path = MovieFeediOSTests;
			sourceTree = "<group>";
		};
		09E256222908279C0086E34C /* FeedItemImageLoader */ = {
			isa = PBXGroup;
			children = (
				09E25627290827E10086E34C /* FeedItemImageLoader.swift */,
			);
			path = FeedItemImageLoader;
			sourceTree = "<group>";
		};
		09E25623290827B30086E34C /* Feed UI */ = {
			isa = PBXGroup;
			children = (
				09E25635290911740086E34C /* Models */,
				09E2563129083C190086E34C /* Composers */,
				09E25624290827BD0086E34C /* Controllers */,
				09E25625290827CC0086E34C /* Views */,
			);
			path = "Feed UI";
			sourceTree = "<group>";
		};
		09E25624290827BD0086E34C /* Controllers */ = {
			isa = PBXGroup;
			children = (
				09E2562A290829660086E34C /* RefreshViewController.swift */,
				09E2562E290833930086E34C /* FeedItemCellController.swift */,
				09E256082907E6E50086E34C /* FeedViewController.swift */,
			);
			path = Controllers;
			sourceTree = "<group>";
		};
		09E25625290827CC0086E34C /* Views */ = {
			isa = PBXGroup;
			children = (
				09E2560B2907F3C30086E34C /* FeedItemCell.swift */,
				09E25620290818D80086E34C /* UIView+Shimmering.swift */,
			);
			path = Views;
			sourceTree = "<group>";
		};
		09E2563129083C190086E34C /* Composers */ = {
			isa = PBXGroup;
			children = (
				09E2563229083C320086E34C /* FeedUIComposer.swift */,
			);
			path = Composers;
			sourceTree = "<group>";
		};
		09E25635290911740086E34C /* Models */ = {
			isa = PBXGroup;
			children = (
				09E25636290911800086E34C /* FeedViewModel.swift */,
			);
			path = Models;
			sourceTree = "<group>";
		};
/* End PBXGroup section */

/* Begin PBXHeadersBuildPhase section */
		09B1DBB52883F9DD00D8A10E /* Headers */ = {
			isa = PBXHeadersBuildPhase;
			buildActionMask = 2147483647;
			files = (
				09B1DBCB2883F9DE00D8A10E /* MovieFeed.h in Headers */,
			);
			runOnlyForDeploymentPostprocessing = 0;
		};
		09E255E22906C55B0086E34C /* Headers */ = {
			isa = PBXHeadersBuildPhase;
			buildActionMask = 2147483647;
			files = (
			);
			runOnlyForDeploymentPostprocessing = 0;
		};
/* End PBXHeadersBuildPhase section */

/* Begin PBXNativeTarget section */
		09369B0828EEBFAA0043C091 /* MovieFeedAPIEndToEndTests */ = {
			isa = PBXNativeTarget;
			buildConfigurationList = 09369B1028EEBFAA0043C091 /* Build configuration list for PBXNativeTarget "MovieFeedAPIEndToEndTests" */;
			buildPhases = (
				09369B0528EEBFAA0043C091 /* Sources */,
				09369B0628EEBFAA0043C091 /* Frameworks */,
				09369B0728EEBFAA0043C091 /* Resources */,
			);
			buildRules = (
			);
			dependencies = (
				09369B0F28EEBFAA0043C091 /* PBXTargetDependency */,
			);
			name = MovieFeedAPIEndToEndTests;
			productName = MovieFeedAPIEndToEndTests;
			productReference = 09369B0928EEBFAA0043C091 /* MovieFeedAPIEndToEndTests.xctest */;
			productType = "com.apple.product-type.bundle.unit-test";
		};
		0949ADD42902B88B006A086F /* MovieFeedCacheIntegrationTests */ = {
			isa = PBXNativeTarget;
			buildConfigurationList = 0949ADDC2902B88B006A086F /* Build configuration list for PBXNativeTarget "MovieFeedCacheIntegrationTests" */;
			buildPhases = (
				0949ADD12902B88B006A086F /* Sources */,
				0949ADD22902B88B006A086F /* Frameworks */,
				0949ADD32902B88B006A086F /* Resources */,
			);
			buildRules = (
			);
			dependencies = (
				0949ADDB2902B88B006A086F /* PBXTargetDependency */,
			);
			name = MovieFeedCacheIntegrationTests;
			productName = MovieFeedCacheIntegrationTests;
			productReference = 0949ADD52902B88B006A086F /* MovieFeedCacheIntegrationTests.xctest */;
			productType = "com.apple.product-type.bundle.unit-test";
		};
		09B1DBB92883F9DD00D8A10E /* MovieFeed */ = {
			isa = PBXNativeTarget;
			buildConfigurationList = 09B1DBCE2883F9DE00D8A10E /* Build configuration list for PBXNativeTarget "MovieFeed" */;
			buildPhases = (
				09B1DBB52883F9DD00D8A10E /* Headers */,
				09B1DBB62883F9DD00D8A10E /* Sources */,
				09B1DBB72883F9DD00D8A10E /* Frameworks */,
				09B1DBB82883F9DD00D8A10E /* Resources */,
			);
			buildRules = (
			);
			dependencies = (
			);
			name = MovieFeed;
			productName = MovieFeed;
			productReference = 09B1DBBA2883F9DD00D8A10E /* MovieFeed.framework */;
			productType = "com.apple.product-type.framework";
		};
		09B1DBC32883F9DE00D8A10E /* MovieFeedTests */ = {
			isa = PBXNativeTarget;
			buildConfigurationList = 09B1DBD12883F9DE00D8A10E /* Build configuration list for PBXNativeTarget "MovieFeedTests" */;
			buildPhases = (
				09B1DBC02883F9DE00D8A10E /* Sources */,
				09B1DBC12883F9DE00D8A10E /* Frameworks */,
				09B1DBC22883F9DE00D8A10E /* Resources */,
			);
			buildRules = (
			);
			dependencies = (
				09B1DBC72883F9DE00D8A10E /* PBXTargetDependency */,
			);
			name = MovieFeedTests;
			productName = MovieFeedTests;
			productReference = 09B1DBC42883F9DE00D8A10E /* MovieFeedTests.xctest */;
			productType = "com.apple.product-type.bundle.unit-test";
		};
		09E255E62906C55B0086E34C /* MovieFeediOS */ = {
			isa = PBXNativeTarget;
			buildConfigurationList = 09E255F82906C55D0086E34C /* Build configuration list for PBXNativeTarget "MovieFeediOS" */;
			buildPhases = (
				09E255E22906C55B0086E34C /* Headers */,
				09E255E32906C55B0086E34C /* Sources */,
				09E255E42906C55B0086E34C /* Frameworks */,
				09E255E52906C55B0086E34C /* Resources */,
			);
			buildRules = (
			);
			dependencies = (
			);
			name = MovieFeediOS;
			productName = MovieFeediOS;
			productReference = 09E255E72906C55B0086E34C /* MovieFeediOS.framework */;
			productType = "com.apple.product-type.framework";
		};
		09E255EF2906C55C0086E34C /* MovieFeediOSTests */ = {
			isa = PBXNativeTarget;
			buildConfigurationList = 09E255FB2906C55D0086E34C /* Build configuration list for PBXNativeTarget "MovieFeediOSTests" */;
			buildPhases = (
				09E255EC2906C55C0086E34C /* Sources */,
				09E255ED2906C55C0086E34C /* Frameworks */,
				09E255EE2906C55C0086E34C /* Resources */,
			);
			buildRules = (
			);
			dependencies = (
				09E255F32906C55C0086E34C /* PBXTargetDependency */,
			);
			name = MovieFeediOSTests;
			productName = MovieFeediOSTests;
			productReference = 09E255F02906C55C0086E34C /* MovieFeediOSTests.xctest */;
			productType = "com.apple.product-type.bundle.unit-test";
		};
/* End PBXNativeTarget section */

/* Begin PBXProject section */
		09B1DBB12883F9DD00D8A10E /* Project object */ = {
			isa = PBXProject;
			attributes = {
				BuildIndependentTargetsInParallel = 1;
				LastSwiftUpdateCheck = 1400;
				LastUpgradeCheck = 1330;
				TargetAttributes = {
					09369B0828EEBFAA0043C091 = {
						CreatedOnToolsVersion = 13.3;
					};
					0949ADD42902B88B006A086F = {
						CreatedOnToolsVersion = 14.0.1;
					};
					09B1DBB92883F9DD00D8A10E = {
						CreatedOnToolsVersion = 13.3;
					};
					09B1DBC32883F9DE00D8A10E = {
						CreatedOnToolsVersion = 13.3;
					};
					09E255E62906C55B0086E34C = {
						CreatedOnToolsVersion = 14.0.1;
						LastSwiftMigration = 1400;
					};
					09E255EF2906C55C0086E34C = {
						CreatedOnToolsVersion = 14.0.1;
					};
				};
			};
			buildConfigurationList = 09B1DBB42883F9DD00D8A10E /* Build configuration list for PBXProject "MovieFeed" */;
			compatibilityVersion = "Xcode 13.0";
			developmentRegion = en;
			hasScannedForEncodings = 0;
			knownRegions = (
				en,
				Base,
			);
			mainGroup = 09B1DBB02883F9DD00D8A10E;
			productRefGroup = 09B1DBBB2883F9DD00D8A10E /* Products */;
			projectDirPath = "";
			projectRoot = "";
			targets = (
				09B1DBB92883F9DD00D8A10E /* MovieFeed */,
				09B1DBC32883F9DE00D8A10E /* MovieFeedTests */,
				09369B0828EEBFAA0043C091 /* MovieFeedAPIEndToEndTests */,
				0949ADD42902B88B006A086F /* MovieFeedCacheIntegrationTests */,
				09E255E62906C55B0086E34C /* MovieFeediOS */,
				09E255EF2906C55C0086E34C /* MovieFeediOSTests */,
			);
		};
/* End PBXProject section */

/* Begin PBXResourcesBuildPhase section */
		09369B0728EEBFAA0043C091 /* Resources */ = {
			isa = PBXResourcesBuildPhase;
			buildActionMask = 2147483647;
			files = (
			);
			runOnlyForDeploymentPostprocessing = 0;
		};
		0949ADD32902B88B006A086F /* Resources */ = {
			isa = PBXResourcesBuildPhase;
			buildActionMask = 2147483647;
			files = (
			);
			runOnlyForDeploymentPostprocessing = 0;
		};
		09B1DBB82883F9DD00D8A10E /* Resources */ = {
			isa = PBXResourcesBuildPhase;
			buildActionMask = 2147483647;
			files = (
			);
			runOnlyForDeploymentPostprocessing = 0;
		};
		09B1DBC22883F9DE00D8A10E /* Resources */ = {
			isa = PBXResourcesBuildPhase;
			buildActionMask = 2147483647;
			files = (
			);
			runOnlyForDeploymentPostprocessing = 0;
		};
		09E255E52906C55B0086E34C /* Resources */ = {
			isa = PBXResourcesBuildPhase;
			buildActionMask = 2147483647;
			files = (
			);
			runOnlyForDeploymentPostprocessing = 0;
		};
		09E255EE2906C55C0086E34C /* Resources */ = {
			isa = PBXResourcesBuildPhase;
			buildActionMask = 2147483647;
			files = (
			);
			runOnlyForDeploymentPostprocessing = 0;
		};
/* End PBXResourcesBuildPhase section */

/* Begin PBXSourcesBuildPhase section */
		09369B0528EEBFAA0043C091 /* Sources */ = {
			isa = PBXSourcesBuildPhase;
			buildActionMask = 2147483647;
			files = (
				09E2561E29080C560086E34C /* MemoryLeakTrackingHelper.swift in Sources */,
				09E2561429080A590086E34C /* MovieFeedAPIEndToEndTests.swift in Sources */,
			);
			runOnlyForDeploymentPostprocessing = 0;
		};
		0949ADD12902B88B006A086F /* Sources */ = {
			isa = PBXSourcesBuildPhase;
			buildActionMask = 2147483647;
			files = (
				0949ADE12902C6CB006A086F /* FeedCacheTestsHelpers.swift in Sources */,
				0949ADD82902B88B006A086F /* MovieFeedCacheIntegrationTests.swift in Sources */,
				09E2561C29080B3B0086E34C /* MemoryLeakTrackingHelper.swift in Sources */,
			);
			runOnlyForDeploymentPostprocessing = 0;
		};
		09B1DBB62883F9DD00D8A10E /* Sources */ = {
			isa = PBXSourcesBuildPhase;
			buildActionMask = 2147483647;
			files = (
				0949AD6228F9757A006A086F /* FeedStore.swift in Sources */,
				09369B0428EB19650043C091 /* URLSessionHTTPClient.swift in Sources */,
				09B1DBDE28840CCA00D8A10E /* RemoteFeedLoader.swift in Sources */,
				0949ADC6290292DA006A086F /* ManagedCache+CoreDataClass.swift in Sources */,
				09369AF028DB16F00043C091 /* HTTPClient.swift in Sources */,
				0949AD6A28FD7A7B006A086F /* LocalFeedItem.swift in Sources */,
				0949ADC7290292DA006A086F /* ManagedCache.swift in Sources */,
				0949ADBE2902920B006A086F /* FeedStore.xcdatamodeld in Sources */,
				09B1DBD72883FA6400D8A10E /* FeedLoader.swift in Sources */,
				09369AF228DB17280043C091 /* FeedItemsMapper.swift in Sources */,
				0949ADCF29029764006A086F /* CoreDataHelpers.swift in Sources */,
				09B1DBD52883FA3B00D8A10E /* FeedItem.swift in Sources */,
				0949AD8129003DA5006A086F /* CodableFeedStore.swift in Sources */,
				0949AD7C28FFD88D006A086F /* FeedCachePolicy.swift in Sources */,
				0949AD5F28F97543006A086F /* LocalFeedLoader.swift in Sources */,
				0949AD6D28FD7A9F006A086F /* RemoteFeedItem.swift in Sources */,
				0949ADCC290296BB006A086F /* CoreDataFeedStore.swift in Sources */,
				09B1DBBF2883F9DE00D8A10E /* MovieFeed.docc in Sources */,
				0949ADC5290292DA006A086F /* ManagedFeedItem.swift in Sources */,
				0949ADC4290292DA006A086F /* ManagedFeedItem+CoreDataClass.swift in Sources */,
			);
			runOnlyForDeploymentPostprocessing = 0;
		};
		09B1DBC02883F9DE00D8A10E /* Sources */ = {
			isa = PBXSourcesBuildPhase;
			buildActionMask = 2147483647;
			files = (
				0949AD7E28FFEF46006A086F /* CodableFeedStoreTests.swift in Sources */,
				0949ADCA29029688006A086F /* CoreDataFeedStoreTests.swift in Sources */,
				0949AD7428FEBC02006A086F /* ValidateFeedCacheUseCaseTests.swift in Sources */,
				09B1DBDA2883FAD200D8A10E /* LoadFeedFromRemoteUseCaseTests.swift in Sources */,
				09369AF728DC9ADF0043C091 /* URLsesionHTTPClientTests.swift in Sources */,
				0949AD5C28F81C32006A086F /* CacheFeedUseCaseTests.swift in Sources */,
				09E2561D29080B5A0086E34C /* MovieFeedCacheIntegrationTests.swift in Sources */,
				0949AD7628FEC52B006A086F /* FeedCacheTestsHelpers.swift in Sources */,
				0949AD7828FEC616006A086F /* SharedTestHelpers.swift in Sources */,
				0949AD7228FD8932006A086F /* FeedStoreSpy.swift in Sources */,
				0949AD6F28FD81FF006A086F /* LoadFeedFromCacheUseCaseTests.swift in Sources */,
				09E256052907D98F0086E34C /* MemoryLeakTrackingHelper.swift in Sources */,
			);
			runOnlyForDeploymentPostprocessing = 0;
		};
		09E255E32906C55B0086E34C /* Sources */ = {
			isa = PBXSourcesBuildPhase;
			buildActionMask = 2147483647;
			files = (
				09E2562F290833930086E34C /* FeedItemCellController.swift in Sources */,
				09E2562B290829660086E34C /* RefreshViewController.swift in Sources */,
				09E25621290818D80086E34C /* UIView+Shimmering.swift in Sources */,
				09E25628290827E10086E34C /* FeedItemImageLoader.swift in Sources */,
				09E2560C2907F3C30086E34C /* FeedItemCell.swift in Sources */,
				09E256092907E6E50086E34C /* FeedViewController.swift in Sources */,
				09E25637290911800086E34C /* FeedViewModel.swift in Sources */,
				09E2563329083C320086E34C /* FeedUIComposer.swift in Sources */,
			);
			runOnlyForDeploymentPostprocessing = 0;
		};
		09E255EC2906C55C0086E34C /* Sources */ = {
			isa = PBXSourcesBuildPhase;
			buildActionMask = 2147483647;
			files = (
				09E25638290911CE0086E34C /* FeedViewModel.swift in Sources */,
				09E2560D2907F4540086E34C /* FeedItemCell.swift in Sources */,
				09E2563429083C4E0086E34C /* FeedUIComposer.swift in Sources */,
				09E25626290827D20086E34C /* UIView+Shimmering.swift in Sources */,
				09E2560A2907E7420086E34C /* FeedViewController.swift in Sources */,
				09E2561F29080C570086E34C /* MemoryLeakTrackingHelper.swift in Sources */,
				09E2562C29082B0A0086E34C /* RefreshViewController.swift in Sources */,
				09E256002907D5020086E34C /* FeedViewControllerTests.swift in Sources */,
				09E25630290833A70086E34C /* FeedItemCellController.swift in Sources */,
				09E256292908283F0086E34C /* FeedItemImageLoader.swift in Sources */,
			);
			runOnlyForDeploymentPostprocessing = 0;
		};
/* End PBXSourcesBuildPhase section */

/* Begin PBXTargetDependency section */
		09369B0F28EEBFAA0043C091 /* PBXTargetDependency */ = {
			isa = PBXTargetDependency;
			target = 09B1DBB92883F9DD00D8A10E /* MovieFeed */;
			targetProxy = 09369B0E28EEBFAA0043C091 /* PBXContainerItemProxy */;
		};
		0949ADDB2902B88B006A086F /* PBXTargetDependency */ = {
			isa = PBXTargetDependency;
			target = 09B1DBB92883F9DD00D8A10E /* MovieFeed */;
			targetProxy = 0949ADDA2902B88B006A086F /* PBXContainerItemProxy */;
		};
		09B1DBC72883F9DE00D8A10E /* PBXTargetDependency */ = {
			isa = PBXTargetDependency;
			target = 09B1DBB92883F9DD00D8A10E /* MovieFeed */;
			targetProxy = 09B1DBC62883F9DE00D8A10E /* PBXContainerItemProxy */;
		};
		09E255F32906C55C0086E34C /* PBXTargetDependency */ = {
			isa = PBXTargetDependency;
			target = 09E255E62906C55B0086E34C /* MovieFeediOS */;
			targetProxy = 09E255F22906C55C0086E34C /* PBXContainerItemProxy */;
		};
/* End PBXTargetDependency section */

/* Begin XCBuildConfiguration section */
		09369B1128EEBFAA0043C091 /* Debug */ = {
			isa = XCBuildConfiguration;
			buildSettings = {
				CODE_SIGN_STYLE = Automatic;
				CURRENT_PROJECT_VERSION = 1;
				DEVELOPMENT_TEAM = XZ3GM4S56F;
				GENERATE_INFOPLIST_FILE = YES;
				MACOSX_DEPLOYMENT_TARGET = 11.0;
				MARKETING_VERSION = 1.0;
				PRODUCT_BUNDLE_IDENTIFIER = shotikoKlibadze.MovieFeedAPIEndToEndTests;
				PRODUCT_NAME = "$(TARGET_NAME)";
				SUPPORTED_PLATFORMS = "macosx iphoneos iphonesimulator";
				SWIFT_EMIT_LOC_STRINGS = NO;
				SWIFT_VERSION = 5.0;
			};
			name = Debug;
		};
		09369B1228EEBFAA0043C091 /* Release */ = {
			isa = XCBuildConfiguration;
			buildSettings = {
				CODE_SIGN_STYLE = Automatic;
				CURRENT_PROJECT_VERSION = 1;
				DEVELOPMENT_TEAM = XZ3GM4S56F;
				GENERATE_INFOPLIST_FILE = YES;
				MACOSX_DEPLOYMENT_TARGET = 11.0;
				MARKETING_VERSION = 1.0;
				PRODUCT_BUNDLE_IDENTIFIER = shotikoKlibadze.MovieFeedAPIEndToEndTests;
				PRODUCT_NAME = "$(TARGET_NAME)";
				SUPPORTED_PLATFORMS = "macosx iphoneos iphonesimulator";
				SWIFT_EMIT_LOC_STRINGS = NO;
				SWIFT_VERSION = 5.0;
			};
			name = Release;
		};
		0949ADDD2902B88B006A086F /* Debug */ = {
			isa = XCBuildConfiguration;
			buildSettings = {
				CLANG_CXX_LANGUAGE_STANDARD = "gnu++20";
				CODE_SIGN_STYLE = Automatic;
				CURRENT_PROJECT_VERSION = 1;
				DEVELOPMENT_TEAM = XZ3GM4S56F;
				GENERATE_INFOPLIST_FILE = YES;
				MACOSX_DEPLOYMENT_TARGET = 11.0;
				MARKETING_VERSION = 1.0;
				PRODUCT_BUNDLE_IDENTIFIER = shotikoKlibadze.MovieFeedCacheIntegrationTests;
				PRODUCT_NAME = "$(TARGET_NAME)";
				SUPPORTED_PLATFORMS = "macosx iphonesimulator iphoneos";
				SWIFT_EMIT_LOC_STRINGS = NO;
				SWIFT_VERSION = 5.0;
			};
			name = Debug;
		};
		0949ADDE2902B88B006A086F /* Release */ = {
			isa = XCBuildConfiguration;
			buildSettings = {
				CLANG_CXX_LANGUAGE_STANDARD = "gnu++20";
				CODE_SIGN_STYLE = Automatic;
				CURRENT_PROJECT_VERSION = 1;
				DEVELOPMENT_TEAM = XZ3GM4S56F;
				GENERATE_INFOPLIST_FILE = YES;
				MACOSX_DEPLOYMENT_TARGET = 11.0;
				MARKETING_VERSION = 1.0;
				PRODUCT_BUNDLE_IDENTIFIER = shotikoKlibadze.MovieFeedCacheIntegrationTests;
				PRODUCT_NAME = "$(TARGET_NAME)";
				SUPPORTED_PLATFORMS = "macosx iphonesimulator iphoneos";
				SWIFT_EMIT_LOC_STRINGS = NO;
				SWIFT_VERSION = 5.0;
			};
			name = Release;
		};
		09B1DBCC2883F9DE00D8A10E /* Debug */ = {
			isa = XCBuildConfiguration;
			buildSettings = {
				ALWAYS_SEARCH_USER_PATHS = NO;
				CLANG_ANALYZER_NONNULL = YES;
				CLANG_ANALYZER_NUMBER_OBJECT_CONVERSION = YES_AGGRESSIVE;
				CLANG_CXX_LANGUAGE_STANDARD = "gnu++17";
				CLANG_ENABLE_MODULES = YES;
				CLANG_ENABLE_OBJC_ARC = YES;
				CLANG_ENABLE_OBJC_WEAK = YES;
				CLANG_WARN_BLOCK_CAPTURE_AUTORELEASING = YES;
				CLANG_WARN_BOOL_CONVERSION = YES;
				CLANG_WARN_COMMA = YES;
				CLANG_WARN_CONSTANT_CONVERSION = YES;
				CLANG_WARN_DEPRECATED_OBJC_IMPLEMENTATIONS = YES;
				CLANG_WARN_DIRECT_OBJC_ISA_USAGE = YES_ERROR;
				CLANG_WARN_DOCUMENTATION_COMMENTS = YES;
				CLANG_WARN_EMPTY_BODY = YES;
				CLANG_WARN_ENUM_CONVERSION = YES;
				CLANG_WARN_INFINITE_RECURSION = YES;
				CLANG_WARN_INT_CONVERSION = YES;
				CLANG_WARN_NON_LITERAL_NULL_CONVERSION = YES;
				CLANG_WARN_OBJC_IMPLICIT_RETAIN_SELF = YES;
				CLANG_WARN_OBJC_LITERAL_CONVERSION = YES;
				CLANG_WARN_OBJC_ROOT_CLASS = YES_ERROR;
				CLANG_WARN_QUOTED_INCLUDE_IN_FRAMEWORK_HEADER = YES;
				CLANG_WARN_RANGE_LOOP_ANALYSIS = YES;
				CLANG_WARN_STRICT_PROTOTYPES = YES;
				CLANG_WARN_SUSPICIOUS_MOVE = YES;
				CLANG_WARN_UNGUARDED_AVAILABILITY = YES_AGGRESSIVE;
				CLANG_WARN_UNREACHABLE_CODE = YES;
				CLANG_WARN__DUPLICATE_METHOD_MATCH = YES;
				COPY_PHASE_STRIP = NO;
				CURRENT_PROJECT_VERSION = 1;
				DEBUG_INFORMATION_FORMAT = dwarf;
				ENABLE_STRICT_OBJC_MSGSEND = YES;
				ENABLE_TESTABILITY = YES;
				GCC_C_LANGUAGE_STANDARD = gnu11;
				GCC_DYNAMIC_NO_PIC = NO;
				GCC_NO_COMMON_BLOCKS = YES;
				GCC_OPTIMIZATION_LEVEL = 0;
				GCC_PREPROCESSOR_DEFINITIONS = (
					"DEBUG=1",
					"$(inherited)",
				);
				GCC_WARN_64_TO_32_BIT_CONVERSION = YES;
				GCC_WARN_ABOUT_RETURN_TYPE = YES_ERROR;
				GCC_WARN_UNDECLARED_SELECTOR = YES;
				GCC_WARN_UNINITIALIZED_AUTOS = YES_AGGRESSIVE;
				GCC_WARN_UNUSED_FUNCTION = YES;
				GCC_WARN_UNUSED_VARIABLE = YES;
				MACOSX_DEPLOYMENT_TARGET = 12.0;
				MTL_ENABLE_DEBUG_INFO = INCLUDE_SOURCE;
				MTL_FAST_MATH = YES;
				ONLY_ACTIVE_ARCH = YES;
				SDKROOT = macosx;
				SWIFT_ACTIVE_COMPILATION_CONDITIONS = DEBUG;
				SWIFT_OPTIMIZATION_LEVEL = "-Onone";
				VERSIONING_SYSTEM = "apple-generic";
				VERSION_INFO_PREFIX = "";
			};
			name = Debug;
		};
		09B1DBCD2883F9DE00D8A10E /* Release */ = {
			isa = XCBuildConfiguration;
			buildSettings = {
				ALWAYS_SEARCH_USER_PATHS = NO;
				CLANG_ANALYZER_NONNULL = YES;
				CLANG_ANALYZER_NUMBER_OBJECT_CONVERSION = YES_AGGRESSIVE;
				CLANG_CXX_LANGUAGE_STANDARD = "gnu++17";
				CLANG_ENABLE_MODULES = YES;
				CLANG_ENABLE_OBJC_ARC = YES;
				CLANG_ENABLE_OBJC_WEAK = YES;
				CLANG_WARN_BLOCK_CAPTURE_AUTORELEASING = YES;
				CLANG_WARN_BOOL_CONVERSION = YES;
				CLANG_WARN_COMMA = YES;
				CLANG_WARN_CONSTANT_CONVERSION = YES;
				CLANG_WARN_DEPRECATED_OBJC_IMPLEMENTATIONS = YES;
				CLANG_WARN_DIRECT_OBJC_ISA_USAGE = YES_ERROR;
				CLANG_WARN_DOCUMENTATION_COMMENTS = YES;
				CLANG_WARN_EMPTY_BODY = YES;
				CLANG_WARN_ENUM_CONVERSION = YES;
				CLANG_WARN_INFINITE_RECURSION = YES;
				CLANG_WARN_INT_CONVERSION = YES;
				CLANG_WARN_NON_LITERAL_NULL_CONVERSION = YES;
				CLANG_WARN_OBJC_IMPLICIT_RETAIN_SELF = YES;
				CLANG_WARN_OBJC_LITERAL_CONVERSION = YES;
				CLANG_WARN_OBJC_ROOT_CLASS = YES_ERROR;
				CLANG_WARN_QUOTED_INCLUDE_IN_FRAMEWORK_HEADER = YES;
				CLANG_WARN_RANGE_LOOP_ANALYSIS = YES;
				CLANG_WARN_STRICT_PROTOTYPES = YES;
				CLANG_WARN_SUSPICIOUS_MOVE = YES;
				CLANG_WARN_UNGUARDED_AVAILABILITY = YES_AGGRESSIVE;
				CLANG_WARN_UNREACHABLE_CODE = YES;
				CLANG_WARN__DUPLICATE_METHOD_MATCH = YES;
				COPY_PHASE_STRIP = NO;
				CURRENT_PROJECT_VERSION = 1;
				DEBUG_INFORMATION_FORMAT = "dwarf-with-dsym";
				ENABLE_NS_ASSERTIONS = NO;
				ENABLE_STRICT_OBJC_MSGSEND = YES;
				GCC_C_LANGUAGE_STANDARD = gnu11;
				GCC_NO_COMMON_BLOCKS = YES;
				GCC_WARN_64_TO_32_BIT_CONVERSION = YES;
				GCC_WARN_ABOUT_RETURN_TYPE = YES_ERROR;
				GCC_WARN_UNDECLARED_SELECTOR = YES;
				GCC_WARN_UNINITIALIZED_AUTOS = YES_AGGRESSIVE;
				GCC_WARN_UNUSED_FUNCTION = YES;
				GCC_WARN_UNUSED_VARIABLE = YES;
				MACOSX_DEPLOYMENT_TARGET = 12.0;
				MTL_ENABLE_DEBUG_INFO = NO;
				MTL_FAST_MATH = YES;
				SDKROOT = macosx;
				SWIFT_COMPILATION_MODE = wholemodule;
				SWIFT_OPTIMIZATION_LEVEL = "-O";
				VERSIONING_SYSTEM = "apple-generic";
				VERSION_INFO_PREFIX = "";
			};
			name = Release;
		};
		09B1DBCF2883F9DE00D8A10E /* Debug */ = {
			isa = XCBuildConfiguration;
			buildSettings = {
				CODE_SIGN_STYLE = Automatic;
				COMBINE_HIDPI_IMAGES = YES;
				CURRENT_PROJECT_VERSION = 1;
				DEFINES_MODULE = YES;
				DEVELOPMENT_TEAM = XZ3GM4S56F;
				DYLIB_COMPATIBILITY_VERSION = 1;
				DYLIB_CURRENT_VERSION = 1;
				DYLIB_INSTALL_NAME_BASE = "@rpath";
				GENERATE_INFOPLIST_FILE = YES;
				INFOPLIST_KEY_NSHumanReadableCopyright = "";
				INSTALL_PATH = "$(LOCAL_LIBRARY_DIR)/Frameworks";
				LD_RUNPATH_SEARCH_PATHS = (
					"$(inherited)",
					"@executable_path/../Frameworks",
					"@loader_path/Frameworks",
				);
				MACOSX_DEPLOYMENT_TARGET = 11.0;
				MARKETING_VERSION = 1.0;
				PRODUCT_BUNDLE_IDENTIFIER = shotikoKlibadze.MovieFeed;
				PRODUCT_NAME = "$(TARGET_NAME:c99extidentifier)";
				SKIP_INSTALL = YES;
				SUPPORTED_PLATFORMS = "macosx iphoneos iphonesimulator";
				SWIFT_EMIT_LOC_STRINGS = YES;
				SWIFT_VERSION = 5.0;
			};
			name = Debug;
		};
		09B1DBD02883F9DE00D8A10E /* Release */ = {
			isa = XCBuildConfiguration;
			buildSettings = {
				CODE_SIGN_STYLE = Automatic;
				COMBINE_HIDPI_IMAGES = YES;
				CURRENT_PROJECT_VERSION = 1;
				DEFINES_MODULE = YES;
				DEVELOPMENT_TEAM = XZ3GM4S56F;
				DYLIB_COMPATIBILITY_VERSION = 1;
				DYLIB_CURRENT_VERSION = 1;
				DYLIB_INSTALL_NAME_BASE = "@rpath";
				GENERATE_INFOPLIST_FILE = YES;
				INFOPLIST_KEY_NSHumanReadableCopyright = "";
				INSTALL_PATH = "$(LOCAL_LIBRARY_DIR)/Frameworks";
				LD_RUNPATH_SEARCH_PATHS = (
					"$(inherited)",
					"@executable_path/../Frameworks",
					"@loader_path/Frameworks",
				);
				MACOSX_DEPLOYMENT_TARGET = 11.0;
				MARKETING_VERSION = 1.0;
				PRODUCT_BUNDLE_IDENTIFIER = shotikoKlibadze.MovieFeed;
				PRODUCT_NAME = "$(TARGET_NAME:c99extidentifier)";
				SKIP_INSTALL = YES;
				SUPPORTED_PLATFORMS = "macosx iphoneos iphonesimulator";
				SWIFT_EMIT_LOC_STRINGS = YES;
				SWIFT_VERSION = 5.0;
			};
			name = Release;
		};
		09B1DBD22883F9DE00D8A10E /* Debug */ = {
			isa = XCBuildConfiguration;
			buildSettings = {
				ALWAYS_EMBED_SWIFT_STANDARD_LIBRARIES = YES;
				CODE_SIGN_STYLE = Automatic;
				CURRENT_PROJECT_VERSION = 1;
				DEVELOPMENT_TEAM = XZ3GM4S56F;
				GENERATE_INFOPLIST_FILE = YES;
				MACOSX_DEPLOYMENT_TARGET = 11.0;
				MARKETING_VERSION = 1.0;
				PRODUCT_BUNDLE_IDENTIFIER = shotikoKlibadze.MovieFeedTests;
				PRODUCT_NAME = "$(TARGET_NAME)";
				SUPPORTED_PLATFORMS = "macosx iphoneos iphonesimulator";
				SWIFT_EMIT_LOC_STRINGS = NO;
				SWIFT_VERSION = 5.0;
			};
			name = Debug;
		};
		09B1DBD32883F9DE00D8A10E /* Release */ = {
			isa = XCBuildConfiguration;
			buildSettings = {
				ALWAYS_EMBED_SWIFT_STANDARD_LIBRARIES = YES;
				CODE_SIGN_STYLE = Automatic;
				CURRENT_PROJECT_VERSION = 1;
				DEVELOPMENT_TEAM = XZ3GM4S56F;
				GENERATE_INFOPLIST_FILE = YES;
				MACOSX_DEPLOYMENT_TARGET = 11.0;
				MARKETING_VERSION = 1.0;
				PRODUCT_BUNDLE_IDENTIFIER = shotikoKlibadze.MovieFeedTests;
				PRODUCT_NAME = "$(TARGET_NAME)";
				SUPPORTED_PLATFORMS = "macosx iphoneos iphonesimulator";
				SWIFT_EMIT_LOC_STRINGS = NO;
				SWIFT_VERSION = 5.0;
			};
			name = Release;
		};
		09E255F92906C55D0086E34C /* Debug */ = {
			isa = XCBuildConfiguration;
			buildSettings = {
				CLANG_CXX_LANGUAGE_STANDARD = "gnu++20";
				CLANG_ENABLE_MODULES = YES;
				CODE_SIGN_STYLE = Automatic;
				CURRENT_PROJECT_VERSION = 1;
				DEFINES_MODULE = YES;
				DEVELOPMENT_TEAM = XZ3GM4S56F;
				DYLIB_COMPATIBILITY_VERSION = 1;
				DYLIB_CURRENT_VERSION = 1;
				DYLIB_INSTALL_NAME_BASE = "@rpath";
				GENERATE_INFOPLIST_FILE = YES;
				INFOPLIST_KEY_NSHumanReadableCopyright = "";
				INSTALL_PATH = "$(LOCAL_LIBRARY_DIR)/Frameworks";
				IPHONEOS_DEPLOYMENT_TARGET = 16.0;
				LD_RUNPATH_SEARCH_PATHS = (
					"$(inherited)",
					"@executable_path/Frameworks",
					"@loader_path/Frameworks",
				);
				MARKETING_VERSION = 1.0;
				PRODUCT_BUNDLE_IDENTIFIER = shotikoKlibadze.MovieFeediOS;
				PRODUCT_NAME = "$(TARGET_NAME:c99extidentifier)";
				SDKROOT = iphoneos;
				SKIP_INSTALL = YES;
				SWIFT_EMIT_LOC_STRINGS = YES;
				SWIFT_OPTIMIZATION_LEVEL = "-Onone";
				SWIFT_VERSION = 5.0;
				TARGETED_DEVICE_FAMILY = "1,2";
			};
			name = Debug;
		};
		09E255FA2906C55D0086E34C /* Release */ = {
			isa = XCBuildConfiguration;
			buildSettings = {
				CLANG_CXX_LANGUAGE_STANDARD = "gnu++20";
				CLANG_ENABLE_MODULES = YES;
				CODE_SIGN_STYLE = Automatic;
				CURRENT_PROJECT_VERSION = 1;
				DEFINES_MODULE = YES;
				DEVELOPMENT_TEAM = XZ3GM4S56F;
				DYLIB_COMPATIBILITY_VERSION = 1;
				DYLIB_CURRENT_VERSION = 1;
				DYLIB_INSTALL_NAME_BASE = "@rpath";
				GENERATE_INFOPLIST_FILE = YES;
				INFOPLIST_KEY_NSHumanReadableCopyright = "";
				INSTALL_PATH = "$(LOCAL_LIBRARY_DIR)/Frameworks";
				IPHONEOS_DEPLOYMENT_TARGET = 16.0;
				LD_RUNPATH_SEARCH_PATHS = (
					"$(inherited)",
					"@executable_path/Frameworks",
					"@loader_path/Frameworks",
				);
				MARKETING_VERSION = 1.0;
				PRODUCT_BUNDLE_IDENTIFIER = shotikoKlibadze.MovieFeediOS;
				PRODUCT_NAME = "$(TARGET_NAME:c99extidentifier)";
				SDKROOT = iphoneos;
				SKIP_INSTALL = YES;
				SWIFT_EMIT_LOC_STRINGS = YES;
				SWIFT_VERSION = 5.0;
				TARGETED_DEVICE_FAMILY = "1,2";
				VALIDATE_PRODUCT = YES;
			};
			name = Release;
		};
		09E255FC2906C55D0086E34C /* Debug */ = {
			isa = XCBuildConfiguration;
			buildSettings = {
				ALWAYS_EMBED_SWIFT_STANDARD_LIBRARIES = YES;
				CLANG_CXX_LANGUAGE_STANDARD = "gnu++20";
				CODE_SIGN_STYLE = Automatic;
				CURRENT_PROJECT_VERSION = 1;
				DEVELOPMENT_TEAM = XZ3GM4S56F;
				GENERATE_INFOPLIST_FILE = YES;
				IPHONEOS_DEPLOYMENT_TARGET = 16.0;
				MARKETING_VERSION = 1.0;
				PRODUCT_BUNDLE_IDENTIFIER = shotikoKlibadze.MovieFeediOSTests;
				PRODUCT_NAME = "$(TARGET_NAME)";
				SDKROOT = iphoneos;
				SWIFT_EMIT_LOC_STRINGS = NO;
				SWIFT_VERSION = 5.0;
				TARGETED_DEVICE_FAMILY = "1,2";
			};
			name = Debug;
		};
		09E255FD2906C55D0086E34C /* Release */ = {
			isa = XCBuildConfiguration;
			buildSettings = {
				ALWAYS_EMBED_SWIFT_STANDARD_LIBRARIES = YES;
				CLANG_CXX_LANGUAGE_STANDARD = "gnu++20";
				CODE_SIGN_STYLE = Automatic;
				CURRENT_PROJECT_VERSION = 1;
				DEVELOPMENT_TEAM = XZ3GM4S56F;
				GENERATE_INFOPLIST_FILE = YES;
				IPHONEOS_DEPLOYMENT_TARGET = 16.0;
				MARKETING_VERSION = 1.0;
				PRODUCT_BUNDLE_IDENTIFIER = shotikoKlibadze.MovieFeediOSTests;
				PRODUCT_NAME = "$(TARGET_NAME)";
				SDKROOT = iphoneos;
				SWIFT_EMIT_LOC_STRINGS = NO;
				SWIFT_VERSION = 5.0;
				TARGETED_DEVICE_FAMILY = "1,2";
				VALIDATE_PRODUCT = YES;
			};
			name = Release;
		};
/* End XCBuildConfiguration section */

/* Begin XCConfigurationList section */
		09369B1028EEBFAA0043C091 /* Build configuration list for PBXNativeTarget "MovieFeedAPIEndToEndTests" */ = {
			isa = XCConfigurationList;
			buildConfigurations = (
				09369B1128EEBFAA0043C091 /* Debug */,
				09369B1228EEBFAA0043C091 /* Release */,
			);
			defaultConfigurationIsVisible = 0;
			defaultConfigurationName = Release;
		};
		0949ADDC2902B88B006A086F /* Build configuration list for PBXNativeTarget "MovieFeedCacheIntegrationTests" */ = {
			isa = XCConfigurationList;
			buildConfigurations = (
				0949ADDD2902B88B006A086F /* Debug */,
				0949ADDE2902B88B006A086F /* Release */,
			);
			defaultConfigurationIsVisible = 0;
			defaultConfigurationName = Release;
		};
		09B1DBB42883F9DD00D8A10E /* Build configuration list for PBXProject "MovieFeed" */ = {
			isa = XCConfigurationList;
			buildConfigurations = (
				09B1DBCC2883F9DE00D8A10E /* Debug */,
				09B1DBCD2883F9DE00D8A10E /* Release */,
			);
			defaultConfigurationIsVisible = 0;
			defaultConfigurationName = Release;
		};
		09B1DBCE2883F9DE00D8A10E /* Build configuration list for PBXNativeTarget "MovieFeed" */ = {
			isa = XCConfigurationList;
			buildConfigurations = (
				09B1DBCF2883F9DE00D8A10E /* Debug */,
				09B1DBD02883F9DE00D8A10E /* Release */,
			);
			defaultConfigurationIsVisible = 0;
			defaultConfigurationName = Release;
		};
		09B1DBD12883F9DE00D8A10E /* Build configuration list for PBXNativeTarget "MovieFeedTests" */ = {
			isa = XCConfigurationList;
			buildConfigurations = (
				09B1DBD22883F9DE00D8A10E /* Debug */,
				09B1DBD32883F9DE00D8A10E /* Release */,
			);
			defaultConfigurationIsVisible = 0;
			defaultConfigurationName = Release;
		};
		09E255F82906C55D0086E34C /* Build configuration list for PBXNativeTarget "MovieFeediOS" */ = {
			isa = XCConfigurationList;
			buildConfigurations = (
				09E255F92906C55D0086E34C /* Debug */,
				09E255FA2906C55D0086E34C /* Release */,
			);
			defaultConfigurationIsVisible = 0;
			defaultConfigurationName = Release;
		};
		09E255FB2906C55D0086E34C /* Build configuration list for PBXNativeTarget "MovieFeediOSTests" */ = {
			isa = XCConfigurationList;
			buildConfigurations = (
				09E255FC2906C55D0086E34C /* Debug */,
				09E255FD2906C55D0086E34C /* Release */,
			);
			defaultConfigurationIsVisible = 0;
			defaultConfigurationName = Release;
		};
/* End XCConfigurationList section */

/* Begin XCVersionGroup section */
		0949ADBC2902920B006A086F /* FeedStore.xcdatamodeld */ = {
			isa = XCVersionGroup;
			children = (
				0949ADBD2902920B006A086F /* FeedStore.xcdatamodel */,
			);
			currentVersion = 0949ADBD2902920B006A086F /* FeedStore.xcdatamodel */;
			path = FeedStore.xcdatamodeld;
			sourceTree = "<group>";
			versionGroupType = wrapper.xcdatamodel;
		};
/* End XCVersionGroup section */
	};
	rootObject = 09B1DBB12883F9DD00D8A10E /* Project object */;
}
